
Microsoft Visual Studio Solution File, Format Version 12.00
# Visual Studio Version 16
VisualStudioVersion = 16.0.30907.101
MinimumVisualStudioVersion = 10.0.40219.1
Project("{9A19103F-16F7-4668-BE54-9A1E7A4F7556}") = "TextoEditor", "TextoEditor.csproj", "{1E012088-FD71-4EC1-BCA6-18BA4A2C9CEC}"
EndProject
Global
	GlobalSection(SolutionConfigurationPlatforms) = preSolution
		Debug|Any CPU = Debug|Any CPU
		Release|Any CPU = Release|Any CPU
	EndGlobalSection
	GlobalSection(ProjectConfigurationPlatforms) = postSolution
		{1E012088-FD71-4EC1-BCA6-18BA4A2C9CEC}.Debug|Any CPU.ActiveCfg = Debug|Any CPU
		{1E012088-FD71-4EC1-BCA6-18BA4A2C9CEC}.Debug|Any CPU.Build.0 = Debug|Any CPU
		{1E012088-FD71-4EC1-BCA6-18BA4A2C9CEC}.Release|Any CPU.ActiveCfg = Release|Any CPU
		{1E012088-FD71-4EC1-BCA6-18BA4A2C9CEC}.Release|Any CPU.Build.0 = Release|Any CPU
	EndGlobalSection
	GlobalSection(SolutionProperties) = preSolution
		HideSolutionNode = FALSE
	EndGlobalSection
	GlobalSection(ExtensibilityGlobals) = postSolution
		SolutionGuid = {085DF4A4-21E4-4A5E-A6EB-A5ADE859DA8C}
	EndGlobalSection
EndGlobal
