
Microsoft Visual Studio Solution File, Format Version 12.00
# Visual Studio Version 16
VisualStudioVersion = 16.0.30804.86
MinimumVisualStudioVersion = 10.0.40219.1
Project("{9A19103F-16F7-4668-BE54-9A1E7A4F7556}") = "Cronometro", "Cronometro.csproj", "{AFF54088-6910-459A-9492-99A8791CFCA8}"
EndProject
Project("{2150E333-8FDC-42A3-9474-1A3956D46DE8}") = "Solution Items", "Solution Items", "{10B3E6DC-C8F8-4443-A049-9565DAC00F9A}"
	ProjectSection(SolutionItems) = preProject
		.editorconfig = .editorconfig
	EndProjectSection
EndProject
Global
	GlobalSection(SolutionConfigurationPlatforms) = preSolution
		Debug|Any CPU = Debug|Any CPU
		Release|Any CPU = Release|Any CPU
	EndGlobalSection
	GlobalSection(ProjectConfigurationPlatforms) = postSolution
		{AFF54088-6910-459A-9492-99A8791CFCA8}.Debug|Any CPU.ActiveCfg = Debug|Any CPU
		{AFF54088-6910-459A-9492-99A8791CFCA8}.Debug|Any CPU.Build.0 = Debug|Any CPU
		{AFF54088-6910-459A-9492-99A8791CFCA8}.Release|Any CPU.ActiveCfg = Release|Any CPU
		{AFF54088-6910-459A-9492-99A8791CFCA8}.Release|Any CPU.Build.0 = Release|Any CPU
	EndGlobalSection
	GlobalSection(SolutionProperties) = preSolution
		HideSolutionNode = FALSE
	EndGlobalSection
	GlobalSection(ExtensibilityGlobals) = postSolution
		SolutionGuid = {E4F7B334-8364-4339-903E-6C5FA9091375}
	EndGlobalSection
EndGlobal
